
Microsoft Visual Studio Solution File, Format Version 12.00
# Visual Studio Version 17
VisualStudioVersion = 17.3.32901.215
MinimumVisualStudioVersion = 10.0.40219.1
Project("{9A19103F-16F7-4668-BE54-9A1E7A4F7556}") = "Models", "Models\Models.csproj", "{2E78C3FA-6D3C-4E1A-B91A-4B1B197EA204}"
EndProject
Project("{9A19103F-16F7-4668-BE54-9A1E7A4F7556}") = "DAL", "DAL\DAL.csproj", "{49731557-0C1A-4F02-BBE3-02FC636B616B}"
EndProject
Project("{9A19103F-16F7-4668-BE54-9A1E7A4F7556}") = "BLL", "BLL\BLL.csproj", "{5C11B30A-0C31-4830-9C08-7BD209C163BB}"
EndProject
Project("{9A19103F-16F7-4668-BE54-9A1E7A4F7556}") = "WebsiteXeDapAPI-WebApp", "WebsiteXeDapAPI-WebApp\WebsiteXeDapAPI-WebApp.csproj", "{FD57D786-290B-49CA-B2CC-4658D44072FC}"
EndProject
Project("{FAE04EC0-301F-11D3-BF4B-00C04F79EFBC}") = "WebsiteXeDapAPI-Server", "WebsiteXeDapAPI-Server\WebsiteXeDapAPI-Server.csproj", "{E53CD056-9740-4789-9F01-29DD0C33F684}"
EndProject
Global
	GlobalSection(SolutionConfigurationPlatforms) = preSolution
		Debug|Any CPU = Debug|Any CPU
		Release|Any CPU = Release|Any CPU
	EndGlobalSection
	GlobalSection(ProjectConfigurationPlatforms) = postSolution
		{2E78C3FA-6D3C-4E1A-B91A-4B1B197EA204}.Debug|Any CPU.ActiveCfg = Debug|Any CPU
		{2E78C3FA-6D3C-4E1A-B91A-4B1B197EA204}.Debug|Any CPU.Build.0 = Debug|Any CPU
		{2E78C3FA-6D3C-4E1A-B91A-4B1B197EA204}.Release|Any CPU.ActiveCfg = Release|Any CPU
		{2E78C3FA-6D3C-4E1A-B91A-4B1B197EA204}.Release|Any CPU.Build.0 = Release|Any CPU
		{49731557-0C1A-4F02-BBE3-02FC636B616B}.Debug|Any CPU.ActiveCfg = Debug|Any CPU
		{49731557-0C1A-4F02-BBE3-02FC636B616B}.Debug|Any CPU.Build.0 = Debug|Any CPU
		{49731557-0C1A-4F02-BBE3-02FC636B616B}.Release|Any CPU.ActiveCfg = Release|Any CPU
		{49731557-0C1A-4F02-BBE3-02FC636B616B}.Release|Any CPU.Build.0 = Release|Any CPU
		{5C11B30A-0C31-4830-9C08-7BD209C163BB}.Debug|Any CPU.ActiveCfg = Debug|Any CPU
		{5C11B30A-0C31-4830-9C08-7BD209C163BB}.Debug|Any CPU.Build.0 = Debug|Any CPU
		{5C11B30A-0C31-4830-9C08-7BD209C163BB}.Release|Any CPU.ActiveCfg = Release|Any CPU
		{5C11B30A-0C31-4830-9C08-7BD209C163BB}.Release|Any CPU.Build.0 = Release|Any CPU
		{FD57D786-290B-49CA-B2CC-4658D44072FC}.Debug|Any CPU.ActiveCfg = Debug|Any CPU
		{FD57D786-290B-49CA-B2CC-4658D44072FC}.Debug|Any CPU.Build.0 = Debug|Any CPU
		{FD57D786-290B-49CA-B2CC-4658D44072FC}.Release|Any CPU.ActiveCfg = Release|Any CPU
		{FD57D786-290B-49CA-B2CC-4658D44072FC}.Release|Any CPU.Build.0 = Release|Any CPU
		{E53CD056-9740-4789-9F01-29DD0C33F684}.Debug|Any CPU.ActiveCfg = Debug|Any CPU
		{E53CD056-9740-4789-9F01-29DD0C33F684}.Debug|Any CPU.Build.0 = Debug|Any CPU
		{E53CD056-9740-4789-9F01-29DD0C33F684}.Release|Any CPU.ActiveCfg = Release|Any CPU
		{E53CD056-9740-4789-9F01-29DD0C33F684}.Release|Any CPU.Build.0 = Release|Any CPU
	EndGlobalSection
	GlobalSection(SolutionProperties) = preSolution
		HideSolutionNode = FALSE
	EndGlobalSection
	GlobalSection(ExtensibilityGlobals) = postSolution
		SolutionGuid = {1B6ECB43-DD30-458D-A7E6-E5E578C21A7B}
	EndGlobalSection
EndGlobal
